
Microsoft Visual Studio Solution File, Format Version 12.00
# Visual Studio 15
VisualStudioVersion = 15.0.27428.2015
MinimumVisualStudioVersion = 10.0.40219.1
Project("{FAE04EC0-301F-11D3-BF4B-00C04F79EFBC}") = "CalculationsLib", "CalculationsLib\CalculationsLib.csproj", "{040A51A7-40B3-4B1C-AF8E-7BFC9D8C923E}"
EndProject
Global
	GlobalSection(SolutionConfigurationPlatforms) = preSolution
		Debug|Any CPU = Debug|Any CPU
		Release|Any CPU = Release|Any CPU
	EndGlobalSection
	GlobalSection(ProjectConfigurationPlatforms) = postSolution
		{040A51A7-40B3-4B1C-AF8E-7BFC9D8C923E}.Debug|Any CPU.ActiveCfg = Debug|Any CPU
		{040A51A7-40B3-4B1C-AF8E-7BFC9D8C923E}.Debug|Any CPU.Build.0 = Debug|Any CPU
		{040A51A7-40B3-4B1C-AF8E-7BFC9D8C923E}.Release|Any CPU.ActiveCfg = Release|Any CPU
		{040A51A7-40B3-4B1C-AF8E-7BFC9D8C923E}.Release|Any CPU.Build.0 = Release|Any CPU
	EndGlobalSection
	GlobalSection(SolutionProperties) = preSolution
		HideSolutionNode = FALSE
	EndGlobalSection
	GlobalSection(ExtensibilityGlobals) = postSolution
		SolutionGuid = {713DB812-D571-4364-85B4-63A5E33589B8}
	EndGlobalSection
EndGlobal
